
Microsoft Visual Studio Solution File, Format Version 12.00
# Visual Studio Version 16
VisualStudioVersion = 16.0.31402.337
MinimumVisualStudioVersion = 10.0.40219.1
Project("{FAE04EC0-301F-11D3-BF4B-00C04F79EFBC}") = "SarcasmFormatter.PWA", "SarcasmFormatter.PWA\SarcasmFormatter.PWA.csproj", "{B56F71D0-1B08-4DD6-B7D8-93FBAA672DE0}"
EndProject
Global
	GlobalSection(SolutionConfigurationPlatforms) = preSolution
		Debug|Any CPU = Debug|Any CPU
		Release|Any CPU = Release|Any CPU
	EndGlobalSection
	GlobalSection(ProjectConfigurationPlatforms) = postSolution
		{B56F71D0-1B08-4DD6-B7D8-93FBAA672DE0}.Debug|Any CPU.ActiveCfg = Debug|Any CPU
		{B56F71D0-1B08-4DD6-B7D8-93FBAA672DE0}.Debug|Any CPU.Build.0 = Debug|Any CPU
		{B56F71D0-1B08-4DD6-B7D8-93FBAA672DE0}.Release|Any CPU.ActiveCfg = Release|Any CPU
		{B56F71D0-1B08-4DD6-B7D8-93FBAA672DE0}.Release|Any CPU.Build.0 = Release|Any CPU
	EndGlobalSection
	GlobalSection(SolutionProperties) = preSolution
		HideSolutionNode = FALSE
	EndGlobalSection
	GlobalSection(ExtensibilityGlobals) = postSolution
		SolutionGuid = {A7A7D580-29D3-4223-9806-78A735FE61D8}
	EndGlobalSection
EndGlobal
